
Microsoft Visual Studio Solution File, Format Version 12.00
# Visual Studio 14
VisualStudioVersion = 14.0.25123.0
MinimumVisualStudioVersion = 10.0.40219.1
Project("{FAE04EC0-301F-11D3-BF4B-00C04F79EFBC}") = "Neo_Natal", "Neo_Natal\Neo_Natal.csproj", "{79685307-EE48-48B9-B75D-7DE79A7E2FC5}"
EndProject
Global
	GlobalSection(SolutionConfigurationPlatforms) = preSolution
		Debug|Any CPU = Debug|Any CPU
		Release|Any CPU = Release|Any CPU
	EndGlobalSection
	GlobalSection(ProjectConfigurationPlatforms) = postSolution
		{79685307-EE48-48B9-B75D-7DE79A7E2FC5}.Debug|Any CPU.ActiveCfg = Debug|Any CPU
		{79685307-EE48-48B9-B75D-7DE79A7E2FC5}.Debug|Any CPU.Build.0 = Debug|Any CPU
		{79685307-EE48-48B9-B75D-7DE79A7E2FC5}.Release|Any CPU.ActiveCfg = Release|Any CPU
		{79685307-EE48-48B9-B75D-7DE79A7E2FC5}.Release|Any CPU.Build.0 = Release|Any CPU
	EndGlobalSection
	GlobalSection(SolutionProperties) = preSolution
		HideSolutionNode = FALSE
	EndGlobalSection
EndGlobal
